{
  "version": 4,
  "terraform_version": "0.12.18",
  "serial": 12,
  "lineage": "830b19d8-0606-55d0-a771-dd53f0667b6f",
  "outputs": {},
  "resources": [
    {
      "mode": "managed",
      "type": "aws_instance",
      "name": "web",
      "provider": "provider.aws",
      "instances": []
    },
    {
      "mode": "managed",
      "type": "aws_internet_gateway",
      "name": "default",
      "provider": "provider.aws",
      "instances": [
        {
          "schema_version": 0,
          "attributes": {
            "id": "igw-0621ab541d35d8afc",
            "owner_id": "708527110298",
            "tags": {},
            "vpc_id": "vpc-04b4fc1aeeceff35e"
          },
          "private": "bnVsbA==",
          "dependencies": [
            "aws_vpc.default"
          ]
        }
      ]
    },
    {
      "mode": "managed",
      "type": "aws_key_pair",
      "name": "auth",
      "provider": "provider.aws",
      "instances": [
        {
          "schema_version": 1,
          "attributes": {
            "fingerprint": "b8:44:1c:9f:49:39:28:71:24:62:ea:ff:17:1d:70:b6",
            "id": "ba-demo",
            "key_name": "ba-demo",
            "key_name_prefix": null,
            "public_key": "ssh-rsa AAAAB3NzaC1yc2EAAAADAQABAAABAQDJXTOMKnv0uYCxDaCP+G8reis2MMGiQR8zUNa9incqLESvVVrwkyIuj27M4oi2zH9eTJkuWLAT0FFyeRcerh1yszcnalB/fgRkrAZNNgJjW6pPaf+FF7Lh6/VkmDEESDd2KAErvdIJvETHCT7xwXLTh4yObzfMoi0TaD7nqS+GDx+bPOGRSdZElRFgA0gSM7Ff2uuRYK/ZEBSTUb/ZCXHS4fhJQnGBdXoSTaFiS/+IQv0nkCn2tc3156emceIJKQjqTPEEofqf+7yI9SwCQqsDnftChsSkpRZQ3ATLo7KuuR2hqnzJDIdchvhzVjE0esfKro0ZZZ1cAKGYmzG8oOWv twice@SURFACE"
          },
          "private": "eyJzY2hlbWFfdmVyc2lvbiI6IjEifQ=="
        }
      ]
    },
    {
      "mode": "managed",
      "type": "aws_subnet",
      "name": "default",
      "provider": "provider.aws",
      "instances": []
    },
    {
      "mode": "managed",
      "type": "aws_vpc",
      "name": "default",
      "provider": "provider.aws",
      "instances": [
        {
          "schema_version": 1,
          "attributes": {
            "arn": "arn:aws:ec2:us-east-1:708527110298:vpc/vpc-04b4fc1aeeceff35e",
            "assign_generated_ipv6_cidr_block": false,
            "cidr_block": "172.16.0.0/16",
            "default_network_acl_id": "acl-0061594b53c6e538e",
            "default_route_table_id": "rtb-045f84efa7b88eeb6",
            "default_security_group_id": "sg-0cd58301f31a5ae7f",
            "dhcp_options_id": "dopt-d4cf25af",
            "enable_classiclink": false,
            "enable_classiclink_dns_support": false,
            "enable_dns_hostnames": true,
            "enable_dns_support": true,
            "id": "vpc-04b4fc1aeeceff35e",
            "instance_tenancy": "default",
            "ipv6_association_id": "",
            "ipv6_cidr_block": "",
            "main_route_table_id": "rtb-045f84efa7b88eeb6",
            "owner_id": "708527110298",
            "tags": {}
          }
        }
      ]
    }
  ]
}
