{
  "version": 4,
  "terraform_version": "0.12.18",
  "serial": 193,
  "lineage": "830b19d8-0606-55d0-a771-dd53f0667b6f",
  "outputs": {
    "files_bucket_name": {
      "value": "terraform-20191224141328809500000001",
      "type": "string"
    },
    "web_public_dns": {
      "value": "ec2-34-204-97-138.compute-1.amazonaws.com",
      "type": "string"
    }
  },
  "resources": [
    {
      "mode": "managed",
      "type": "aws_s3_bucket",
      "name": "files",
      "provider": "provider.aws",
      "instances": [
        {
          "schema_version": 0,
          "attributes": {
            "acceleration_status": "",
            "acl": "public-read",
            "arn": "arn:aws:s3:::terraform-20191224141328809500000001",
            "bucket": "terraform-20191224141328809500000001",
            "bucket_domain_name": "terraform-20191224141328809500000001.s3.amazonaws.com",
            "bucket_prefix": null,
            "bucket_regional_domain_name": "terraform-20191224141328809500000001.s3.amazonaws.com",
            "cors_rule": [],
            "force_destroy": false,
            "hosted_zone_id": "Z3AQBSTGFYJSTF",
            "id": "terraform-20191224141328809500000001",
            "lifecycle_rule": [],
            "logging": [],
            "object_lock_configuration": [],
            "policy": null,
            "region": "us-east-1",
            "replication_configuration": [],
            "request_payer": "BucketOwner",
            "server_side_encryption_configuration": [],
            "tags": {},
            "versioning": [
              {
                "enabled": false,
                "mfa_delete": false
              }
            ],
            "website": [],
            "website_domain": null,
            "website_endpoint": null
          }
        }
      ]
    }
  ]
}
