{
  "version": 4,
  "terraform_version": "0.12.18",
  "serial": 5,
  "lineage": "830b19d8-0606-55d0-a771-dd53f0667b6f",
  "outputs": {},
  "resources": [
    {
      "mode": "managed",
      "type": "aws_instance",
      "name": "web",
      "provider": "provider.aws",
      "instances": [
        {
          "schema_version": 1,
          "attributes": {
            "ami": "ami-04b9e92b5572fa0d1",
            "arn": "arn:aws:ec2:us-east-1:708527110298:instance/i-01413c04844534ca0",
            "associate_public_ip_address": true,
            "availability_zone": "us-east-1c",
            "cpu_core_count": 1,
            "cpu_threads_per_core": 1,
            "credit_specification": [
              {
                "cpu_credits": "standard"
              }
            ],
            "disable_api_termination": false,
            "ebs_block_device": [],
            "ebs_optimized": false,
            "ephemeral_block_device": [],
            "get_password_data": false,
            "host_id": null,
            "iam_instance_profile": "",
            "id": "i-01413c04844534ca0",
            "instance_initiated_shutdown_behavior": null,
            "instance_state": "running",
            "instance_type": "t2.micro",
            "ipv6_address_count": 0,
            "ipv6_addresses": [],
            "key_name": "ba-demo",
            "monitoring": false,
            "network_interface": [],
            "network_interface_id": null,
            "password_data": "",
            "placement_group": "",
            "primary_network_interface_id": "eni-0a1718ac53e984b41",
            "private_dns": "ip-172-31-94-49.ec2.internal",
            "private_ip": "172.31.94.49",
            "public_dns": "ec2-54-237-145-205.compute-1.amazonaws.com",
            "public_ip": "54.237.145.205",
            "root_block_device": [
              {
                "delete_on_termination": true,
                "encrypted": false,
                "iops": 100,
                "kms_key_id": "",
                "volume_id": "vol-09a6a5fd7297261e6",
                "volume_size": 8,
                "volume_type": "gp2"
              }
            ],
            "security_groups": [
              "default"
            ],
            "source_dest_check": true,
            "subnet_id": "subnet-d809e6f6",
            "tags": null,
            "tenancy": "default",
            "timeouts": null,
            "user_data": null,
            "user_data_base64": null,
            "volume_tags": {},
            "vpc_security_group_ids": [
              "sg-e0fac0a9"
            ]
          },
          "private": "eyJlMmJmYjczMC1lY2FhLTExZTYtOGY4OC0zNDM2M2JjN2M0YzAiOnsiY3JlYXRlIjo2MDAwMDAwMDAwMDAsImRlbGV0ZSI6MTIwMDAwMDAwMDAwMCwidXBkYXRlIjo2MDAwMDAwMDAwMDB9LCJzY2hlbWFfdmVyc2lvbiI6IjEifQ==",
          "dependencies": [
            "aws_key_pair.auth"
          ]
        }
      ]
    },
    {
      "mode": "managed",
      "type": "aws_key_pair",
      "name": "auth",
      "provider": "provider.aws",
      "instances": [
        {
          "schema_version": 1,
          "attributes": {
            "fingerprint": "b8:44:1c:9f:49:39:28:71:24:62:ea:ff:17:1d:70:b6",
            "id": "ba-demo",
            "key_name": "ba-demo",
            "key_name_prefix": null,
            "public_key": "ssh-rsa AAAAB3NzaC1yc2EAAAADAQABAAABAQDJXTOMKnv0uYCxDaCP+G8reis2MMGiQR8zUNa9incqLESvVVrwkyIuj27M4oi2zH9eTJkuWLAT0FFyeRcerh1yszcnalB/fgRkrAZNNgJjW6pPaf+FF7Lh6/VkmDEESDd2KAErvdIJvETHCT7xwXLTh4yObzfMoi0TaD7nqS+GDx+bPOGRSdZElRFgA0gSM7Ff2uuRYK/ZEBSTUb/ZCXHS4fhJQnGBdXoSTaFiS/+IQv0nkCn2tc3156emceIJKQjqTPEEofqf+7yI9SwCQqsDnftChsSkpRZQ3ATLo7KuuR2hqnzJDIdchvhzVjE0esfKro0ZZZ1cAKGYmzG8oOWv twice@SURFACE"
          },
          "private": "eyJzY2hlbWFfdmVyc2lvbiI6IjEifQ=="
        }
      ]
    }
  ]
}
