{
  "version": 4,
  "terraform_version": "0.12.18",
  "serial": 3,
  "lineage": "830b19d8-0606-55d0-a771-dd53f0667b6f",
  "outputs": {},
  "resources": [
    {
      "mode": "managed",
      "type": "aws_key_pair",
      "name": "auth",
      "provider": "provider.aws",
      "instances": [
        {
          "schema_version": 1,
          "attributes": {
            "fingerprint": "b8:44:1c:9f:49:39:28:71:24:62:ea:ff:17:1d:70:b6",
            "id": "ba-demo",
            "key_name": "ba-demo",
            "key_name_prefix": null,
            "public_key": "ssh-rsa AAAAB3NzaC1yc2EAAAADAQABAAABAQDJXTOMKnv0uYCxDaCP+G8reis2MMGiQR8zUNa9incqLESvVVrwkyIuj27M4oi2zH9eTJkuWLAT0FFyeRcerh1yszcnalB/fgRkrAZNNgJjW6pPaf+FF7Lh6/VkmDEESDd2KAErvdIJvETHCT7xwXLTh4yObzfMoi0TaD7nqS+GDx+bPOGRSdZElRFgA0gSM7Ff2uuRYK/ZEBSTUb/ZCXHS4fhJQnGBdXoSTaFiS/+IQv0nkCn2tc3156emceIJKQjqTPEEofqf+7yI9SwCQqsDnftChsSkpRZQ3ATLo7KuuR2hqnzJDIdchvhzVjE0esfKro0ZZZ1cAKGYmzG8oOWv twice@SURFACE"
          },
          "private": "eyJzY2hlbWFfdmVyc2lvbiI6IjEifQ=="
        }
      ]
    }
  ]
}
